# THIS IS AN AUTOGENERATED FILE. DO NOT EDIT THIS FILE DIRECTLY.
# yarn lockfile v1


"@adraffy/ens-normalize@^1.10.1":
  version "1.11.0"
  resolved "https://registry.yarnpkg.com/@adraffy/ens-normalize/-/ens-normalize-1.11.0.tgz#42cc67c5baa407ac25059fcd7d405cc5ecdb0c33"
  integrity sha512-/3DDPKHqqIqxUULp8yP4zODUY1i+2xvVWsv8A79xGWdCAG+8sb0hRh0Rk2QyOJUnnbyPUAZYcpBuRe3nS2OIUg==

"@goat-sdk/core@workspace:*":
  version "0.4.3"
  resolved "https://registry.yarnpkg.com/@goat-sdk/core/-/core-0.4.3.tgz#1f2f7428ba4b83c51939972605de8ab201b78324"
  integrity sha512-LvQkm/Wd7MiYHw0ZdXxOoGhXRSAO9tO1vhuYsPt6RDOE49W+sH8eYBFyruosODBbA8KGg9zu44YrAc0RO9hOJw==
  dependencies:
    reflect-metadata "0.2.2"

"@noble/curves@1.7.0", "@noble/curves@^1.4.0", "@noble/curves@^1.6.0", "@noble/curves@~1.7.0":
  version "1.7.0"
  resolved "https://registry.yarnpkg.com/@noble/curves/-/curves-1.7.0.tgz#0512360622439256df892f21d25b388f52505e45"
  integrity sha512-UTMhXK9SeDhFJVrHeUJ5uZlI6ajXg10O6Ddocf9S6GjbSBVZsJo88HzKwXznNfGpMTRDyJkqMjNDPYgf0qFWnw==
  dependencies:
    "@noble/hashes" "1.6.0"

"@noble/hashes@1.6.0":
  version "1.6.0"
  resolved "https://registry.yarnpkg.com/@noble/hashes/-/hashes-1.6.0.tgz#d4bfb516ad6e7b5111c216a5cc7075f4cf19e6c5"
  integrity sha512-YUULf0Uk4/mAA89w+k3+yUYh6NrEvxZa5T6SY3wlMvE2chHkxFUUIDI8/XW1QSC357iA5pSnqt7XEhvFOqmDyQ==

"@noble/hashes@1.6.1", "@noble/hashes@^1.4.0", "@noble/hashes@^1.5.0", "@noble/hashes@~1.6.0":
  version "1.6.1"
  resolved "https://registry.yarnpkg.com/@noble/hashes/-/hashes-1.6.1.tgz#df6e5943edcea504bac61395926d6fd67869a0d5"
  integrity sha512-pq5D8h10hHBjyqX+cfBm0i8JUXJ0UhczFc4r74zbuT9XgewFo2E3J1cOaGtdZynILNmQ685YWGzGE1Zv6io50w==

"@scure/base@~1.2.1":
  version "1.2.1"
  resolved "https://registry.yarnpkg.com/@scure/base/-/base-1.2.1.tgz#dd0b2a533063ca612c17aa9ad26424a2ff5aa865"
  integrity sha512-DGmGtC8Tt63J5GfHgfl5CuAXh96VF/LD8K9Hr/Gv0J2lAoRGlPOMpqMpMbCTOoOJMZCk2Xt+DskdDyn6dEFdzQ==

"@scure/bip32@1.6.0", "@scure/bip32@^1.5.0":
  version "1.6.0"
  resolved "https://registry.yarnpkg.com/@scure/bip32/-/bip32-1.6.0.tgz#6dbc6b4af7c9101b351f41231a879d8da47e0891"
  integrity sha512-82q1QfklrUUdXJzjuRU7iG7D7XiFx5PHYVS0+oeNKhyDLT7WPqs6pBcM2W5ZdwOwKCwoE1Vy1se+DHjcXwCYnA==
  dependencies:
    "@noble/curves" "~1.7.0"
    "@noble/hashes" "~1.6.0"
    "@scure/base" "~1.2.1"

"@scure/bip39@1.5.0", "@scure/bip39@^1.4.0":
  version "1.5.0"
  resolved "https://registry.yarnpkg.com/@scure/bip39/-/bip39-1.5.0.tgz#c8f9533dbd787641b047984356531d84485f19be"
  integrity sha512-Dop+ASYhnrwm9+HA/HwXg7j2ZqM6yk2fyLWb5znexjctFY3+E+eU8cIWI0Pql0Qx4hPZCijlGq4OL71g+Uz30A==
  dependencies:
    "@noble/hashes" "~1.6.0"
    "@scure/base" "~1.2.1"

abitype@1.0.7:
  version "1.0.7"
  resolved "https://registry.yarnpkg.com/abitype/-/abitype-1.0.7.tgz#876a0005d211e1c9132825d45bcee7b46416b284"
  integrity sha512-ZfYYSktDQUwc2eduYu8C4wOs+RDPmnRYMh7zNfzeMtGGgb0U+6tLGjixUic6mXf5xKKCcgT5Qp6cv39tOARVFw==

abitype@^1.0.6:
  version "1.0.8"
  resolved "https://registry.yarnpkg.com/abitype/-/abitype-1.0.8.tgz#3554f28b2e9d6e9f35eb59878193eabd1b9f46ba"
  integrity sha512-ZeiI6h3GnW06uYDLx0etQtX/p8E24UaHHBj57RSjK7YBFe7iuVn07EDpOeP451D06sF27VOz9JJPlIKJmXgkEg==

eventemitter3@5.0.1:
  version "5.0.1"
  resolved "https://registry.yarnpkg.com/eventemitter3/-/eventemitter3-5.0.1.tgz#53f5ffd0a492ac800721bb42c66b841de96423c4"
  integrity sha512-GWkBvjiSZK87ELrYOSESUYeVIc9mvLLf/nXalMOS5dYrgZq9o5OVkbZAVM06CVxYsCwH9BDZFPlQTlPA1j4ahA==

isows@1.0.6:
  version "1.0.6"
  resolved "https://registry.yarnpkg.com/isows/-/isows-1.0.6.tgz#0da29d706fa51551c663c627ace42769850f86e7"
  integrity sha512-lPHCayd40oW98/I0uvgaHKWCSvkzY27LjWLbtzOm64yQ+G3Q5npjjbdppU65iZXkK1Zt+kH9pfegli0AYfwYYw==

ox@0.4.4:
  version "0.4.4"
  resolved "https://registry.yarnpkg.com/ox/-/ox-0.4.4.tgz#9d1757c026406e60097680d98ffedf9e3bc1fa0b"
  integrity sha512-oJPEeCDs9iNiPs6J0rTx+Y0KGeCGyCAA3zo94yZhm8G5WpOxrwUtn2Ie/Y8IyARSqqY/j9JTKA3Fc1xs1DvFnw==
  dependencies:
    "@adraffy/ens-normalize" "^1.10.1"
    "@noble/curves" "^1.6.0"
    "@noble/hashes" "^1.5.0"
    "@scure/bip32" "^1.5.0"
    "@scure/bip39" "^1.4.0"
    abitype "^1.0.6"
    eventemitter3 "5.0.1"

reflect-metadata@0.2.2:
  version "0.2.2"
  resolved "https://registry.yarnpkg.com/reflect-metadata/-/reflect-metadata-0.2.2.tgz#400c845b6cba87a21f2c65c4aeb158f4fa4d9c5b"
  integrity sha512-urBwgfrvVP/eAyXx4hluJivBKzuEbSQs9rKWCrCkbSxNv8mxPcUZKeuoF3Uy4mJl3Lwprp6yy5/39VWigZ4K6Q==

"viem@catalog:":
  version "2.21.59"
  resolved "https://registry.yarnpkg.com/viem/-/viem-2.21.59.tgz#6b737166dd98cab1293578195d713c2b28c1acc7"
  integrity sha512-aHycB6LRxmUiKArOoQ1nYmhtVvZgU+ltAVvK7J1g+MuSbZZW5pXUtosRCBLlCO2gs05zYfrhVih+LmbRrdEXKg==
  dependencies:
    "@noble/curves" "1.7.0"
    "@noble/hashes" "1.6.1"
    "@scure/bip32" "1.6.0"
    "@scure/bip39" "1.5.0"
    abitype "1.0.7"
    isows "1.0.6"
    ox "0.4.4"
    webauthn-p256 "0.0.10"
    ws "8.18.0"

webauthn-p256@0.0.10:
  version "0.0.10"
  resolved "https://registry.yarnpkg.com/webauthn-p256/-/webauthn-p256-0.0.10.tgz#877e75abe8348d3e14485932968edf3325fd2fdd"
  integrity sha512-EeYD+gmIT80YkSIDb2iWq0lq2zbHo1CxHlQTeJ+KkCILWpVy3zASH3ByD4bopzfk0uCwXxLqKGLqp2W4O28VFA==
  dependencies:
    "@noble/curves" "^1.4.0"
    "@noble/hashes" "^1.4.0"

ws@8.18.0:
  version "8.18.0"
  resolved "https://registry.yarnpkg.com/ws/-/ws-8.18.0.tgz#0d7505a6eafe2b0e712d232b42279f53bc289bbc"
  integrity sha512-8VbfWfHLbbwu3+N6OKsOMpBdT4kXPDDB9cJk2bJ6mh9ucxdlnNvH1e+roYkKmN9Nxw2yjz7VzeO9oOz2zJ04Pw==

"zod@catalog:":
  version "4.0.0-beta.1"
  resolved "https://registry.yarnpkg.com/zod/-/zod-4.0.0-beta.1.tgz#82cf762e38ffe582a84b7a476c5a0715a1848c62"
  integrity sha512-kA6jN+sAl0Wd791n1lhhf+JoO+qrYqhehbKQPs8HxLIsXGDd9BVoqIZhC0DdccPtqtHG7v7HDWNhQT4XeuIoew==
