# THIS IS AN AUTOGENERATED FILE. DO NOT EDIT THIS FILE DIRECTLY.
# yarn lockfile v1


"@adraffy/ens-normalize@^1.10.1":
  version "1.11.0"
  resolved "https://registry.yarnpkg.com/@adraffy/ens-normalize/-/ens-normalize-1.11.0.tgz#42cc67c5baa407ac25059fcd7d405cc5ecdb0c33"
  integrity sha512-/3DDPKHqqIqxUULp8yP4zODUY1i+2xvVWsv8A79xGWdCAG+8sb0hRh0Rk2QyOJUnnbyPUAZYcpBuRe3nS2OIUg==

"@ai-sdk/openai@^1.0.4":
  version "1.0.11"
  resolved "https://registry.yarnpkg.com/@ai-sdk/openai/-/openai-1.0.11.tgz#895d348d4cbc07a94834b54ff5192828d0e253a0"
  integrity sha512-qI9s7Slma5i5bB4yYVlFdcG3PNDwdqivPT1Dr8adDX92nSSpILjgFIooS5yys9sXjvvcfOi/WXbDvVhLSRRlvg==
  dependencies:
    "@ai-sdk/provider" "1.0.3"
    "@ai-sdk/provider-utils" "2.0.5"

"@ai-sdk/provider-utils@2.0.2":
  version "2.0.2"
  resolved "https://registry.yarnpkg.com/@ai-sdk/provider-utils/-/provider-utils-2.0.2.tgz#ea9d510be442b38bd40ae50dbf5b64ffc396952b"
  integrity sha512-IAvhKhdlXqiSmvx/D4uNlFYCl8dWT+M9K+IuEcSgnE2Aj27GWu8sDIpAf4r4Voc+wOUkOECVKQhFo8g9pozdjA==
  dependencies:
    "@ai-sdk/provider" "1.0.1"
    eventsource-parser "^3.0.0"
    nanoid "^3.3.7"
    secure-json-parse "^2.7.0"

"@ai-sdk/provider-utils@2.0.5":
  version "2.0.5"
  resolved "https://registry.yarnpkg.com/@ai-sdk/provider-utils/-/provider-utils-2.0.5.tgz#7b200f535668e619b7dbc55619aadcc5c1a103f8"
  integrity sha512-2M7vLhYN0ThGjNlzow7oO/lsL+DyMxvGMIYmVQvEYaCWhDzxH5dOp78VNjJIVwHzVLMbBDigX3rJuzAs853idw==
  dependencies:
    "@ai-sdk/provider" "1.0.3"
    eventsource-parser "^3.0.0"
    nanoid "^3.3.8"
    secure-json-parse "^2.7.0"

"@ai-sdk/provider@1.0.1":
  version "1.0.1"
  resolved "https://registry.yarnpkg.com/@ai-sdk/provider/-/provider-1.0.1.tgz#8172a3cbbfa61bb40b88512165f70fe3c186cb60"
  integrity sha512-mV+3iNDkzUsZ0pR2jG0sVzU6xtQY5DtSCBy3JFycLp6PwjyLw/iodfL3MwdmMCRJWgs3dadcHejRnMvF9nGTBg==
  dependencies:
    json-schema "^0.4.0"

"@ai-sdk/provider@1.0.3":
  version "1.0.3"
  resolved "https://registry.yarnpkg.com/@ai-sdk/provider/-/provider-1.0.3.tgz#cfc75e2d3932133712583c55992f4b209f8a5e77"
  integrity sha512-WiuJEpHTrltOIzv3x2wx4gwksAHW0h6nK3SoDzjqCOJLu/2OJ1yASESTIX+f07ChFykHElVoP80Ol/fe9dw6tQ==
  dependencies:
    json-schema "^0.4.0"

"@ai-sdk/react@1.0.2":
  version "1.0.2"
  resolved "https://registry.yarnpkg.com/@ai-sdk/react/-/react-1.0.2.tgz#b0a9592a63f2b03df3285fb6f786862ae5082e88"
  integrity sha512-VQfQ6PMiUz4hDquAfjih0DIw4gsQvRFk91SFg2xWirDO4swMZByJzqGGcILPQKbww5ndCo48iZj9S1mLKZo5Dg==
  dependencies:
    "@ai-sdk/provider-utils" "2.0.2"
    "@ai-sdk/ui-utils" "1.0.2"
    swr "^2.2.5"
    throttleit "2.1.0"

"@ai-sdk/react@1.0.7":
  version "1.0.7"
  resolved "https://registry.yarnpkg.com/@ai-sdk/react/-/react-1.0.7.tgz#012fd0d76f5a89b1dc87aa548e9666f311ae04fe"
  integrity sha512-j2/of4iCNq+r2Bjx0O9vdRhn5C/02t2Esenis71YtnsoynPz74eQlJ3N0RYYPheThiJes50yHdfdVdH9ulxs1A==
  dependencies:
    "@ai-sdk/provider-utils" "2.0.5"
    "@ai-sdk/ui-utils" "1.0.6"
    swr "^2.2.5"
    throttleit "2.1.0"

"@ai-sdk/ui-utils@1.0.2":
  version "1.0.2"
  resolved "https://registry.yarnpkg.com/@ai-sdk/ui-utils/-/ui-utils-1.0.2.tgz#2b5ad527f821b055663ddc60f2c45a82956091a0"
  integrity sha512-hHrUdeThGHu/rsGZBWQ9PjrAU9Htxgbo9MFyR5B/aWoNbBeXn1HLMY1+uMEnXL5pRPlmyVRjgIavWg7UgeNDOw==
  dependencies:
    "@ai-sdk/provider" "1.0.1"
    "@ai-sdk/provider-utils" "2.0.2"
    zod-to-json-schema "^3.23.5"

"@ai-sdk/ui-utils@1.0.6":
  version "1.0.6"
  resolved "https://registry.yarnpkg.com/@ai-sdk/ui-utils/-/ui-utils-1.0.6.tgz#9962b4db71675c79f7817f65813cdeebd4b6a23d"
  integrity sha512-ZP6Vjj+VCnSPBIAvWAdKj2olQONJ/f4aZpkVCGkzprdhv8TjHwB6CTlXFS3zypuEGy4asg84dc1dvXKooQXFvg==
  dependencies:
    "@ai-sdk/provider" "1.0.3"
    "@ai-sdk/provider-utils" "2.0.5"
    zod-to-json-schema "^3.23.5"

"@goat-sdk/adapter-vercel-ai@workspace:*":
  version "0.2.3"
  resolved "https://registry.yarnpkg.com/@goat-sdk/adapter-vercel-ai/-/adapter-vercel-ai-0.2.3.tgz#25f92bd3406e5f910c6d7cc72b16ddba3d0c6c07"
  integrity sha512-WXGb9XQAg1h/UlUXvJq+HhTafr8m8onFnQXuUkq5rw73BQb1IBAOOLcUPZIZwkHUnIxhiEwty6L4HwGewoiADQ==
  dependencies:
    "@goat-sdk/core" "0.4.3"
    ai "4.0.3"
    zod "3.23.8"

"@goat-sdk/core@0.4.3", "@goat-sdk/core@workspace:*":
  version "0.4.3"
  resolved "https://registry.yarnpkg.com/@goat-sdk/core/-/core-0.4.3.tgz#1f2f7428ba4b83c51939972605de8ab201b78324"
  integrity sha512-LvQkm/Wd7MiYHw0ZdXxOoGhXRSAO9tO1vhuYsPt6RDOE49W+sH8eYBFyruosODBbA8KGg9zu44YrAc0RO9hOJw==
  dependencies:
    reflect-metadata "0.2.2"

"@goat-sdk/plugin-erc20@workspace:*":
  version "0.2.5"
  resolved "https://registry.yarnpkg.com/@goat-sdk/plugin-erc20/-/plugin-erc20-0.2.5.tgz#9413ba339462320254723528c8bc6c9d0c3bf7c5"
  integrity sha512-I73ZRfRh12364rsd2KjXFxop8YyRc6wtrJxtPMQkU7ZQBqZnTY8vT510V2pNWZTQS09qcnHa6red8uNf02kR0A==
  dependencies:
    "@goat-sdk/core" "0.4.3"
    "@goat-sdk/wallet-evm" "0.2.3"
    viem "2.21.49"
    zod "3.23.8"

"@goat-sdk/plugin-erc721@workspace:*":
  version "0.1.14"
  resolved "https://registry.yarnpkg.com/@goat-sdk/plugin-erc721/-/plugin-erc721-0.1.14.tgz#d9ab270122847f38b9d828fc056538f75a1b285e"
  integrity sha512-oumKpI4VRPY269EA0oRFTUTHwt7z5irFkwlLjQbCJBQvE1ehmQLDbnNT84uOUuNcSQldSh6/eFWGl2aYjAGqpA==
  dependencies:
    "@goat-sdk/core" "0.4.3"
    "@goat-sdk/wallet-evm" "0.2.3"
    viem "2.21.49"
    zod "3.23.8"

"@goat-sdk/wallet-evm@0.2.3", "@goat-sdk/wallet-evm@workspace:*":
  version "0.2.3"
  resolved "https://registry.yarnpkg.com/@goat-sdk/wallet-evm/-/wallet-evm-0.2.3.tgz#0073277ba5a464ffe0e3e346fb183a34370f297e"
  integrity sha512-0bRZwvoQfDPA8voBNs/xjaLv+OQDH6tWMcJqG1SqzTk6KsTlB7GPP5uKrpr44RS8Qsoanz7+DyNRlVonz0SeYQ==
  dependencies:
    "@goat-sdk/core" "0.4.3"
    abitype "^1.0.6"
    viem "2.21.49"
    zod "3.23.8"

"@goat-sdk/wallet-viem@workspace:*":
  version "0.2.3"
  resolved "https://registry.yarnpkg.com/@goat-sdk/wallet-viem/-/wallet-viem-0.2.3.tgz#eb1f46577bc068311e5073f5cd1632b92c436178"
  integrity sha512-qZHPInTwc01fcYRCOLgn0V8a7KaMHYxqwYJ6AtMRHX0ZXrnF5etry/X78VBz9lh7ARX/Zph+Qg+anE1/7SXgGw==
  dependencies:
    "@goat-sdk/wallet-evm" "0.2.3"
    viem "2.21.49"

"@noble/curves@1.6.0", "@noble/curves@~1.6.0":
  version "1.6.0"
  resolved "https://registry.yarnpkg.com/@noble/curves/-/curves-1.6.0.tgz#be5296ebcd5a1730fccea4786d420f87abfeb40b"
  integrity sha512-TlaHRXDehJuRNR9TfZDNQ45mMEd5dwUwmicsafcIX4SsNiqnCHKjE/1alYPd/lDRVhxdhUAlv8uEhMCI5zjIJQ==
  dependencies:
    "@noble/hashes" "1.5.0"

"@noble/curves@^1.4.0", "@noble/curves@^1.6.0", "@noble/curves@~1.7.0":
  version "1.7.0"
  resolved "https://registry.yarnpkg.com/@noble/curves/-/curves-1.7.0.tgz#0512360622439256df892f21d25b388f52505e45"
  integrity sha512-UTMhXK9SeDhFJVrHeUJ5uZlI6ajXg10O6Ddocf9S6GjbSBVZsJo88HzKwXznNfGpMTRDyJkqMjNDPYgf0qFWnw==
  dependencies:
    "@noble/hashes" "1.6.0"

"@noble/hashes@1.5.0", "@noble/hashes@~1.5.0":
  version "1.5.0"
  resolved "https://registry.yarnpkg.com/@noble/hashes/-/hashes-1.5.0.tgz#abadc5ca20332db2b1b2aa3e496e9af1213570b0"
  integrity sha512-1j6kQFb7QRru7eKN3ZDvRcP13rugwdxZqCjbiAVZfIJwgj2A65UmT4TgARXGlXgnRkORLTDTrO19ZErt7+QXgA==

"@noble/hashes@1.6.0":
  version "1.6.0"
  resolved "https://registry.yarnpkg.com/@noble/hashes/-/hashes-1.6.0.tgz#d4bfb516ad6e7b5111c216a5cc7075f4cf19e6c5"
  integrity sha512-YUULf0Uk4/mAA89w+k3+yUYh6NrEvxZa5T6SY3wlMvE2chHkxFUUIDI8/XW1QSC357iA5pSnqt7XEhvFOqmDyQ==

"@noble/hashes@^1.4.0", "@noble/hashes@^1.5.0", "@noble/hashes@~1.6.0":
  version "1.6.1"
  resolved "https://registry.yarnpkg.com/@noble/hashes/-/hashes-1.6.1.tgz#df6e5943edcea504bac61395926d6fd67869a0d5"
  integrity sha512-pq5D8h10hHBjyqX+cfBm0i8JUXJ0UhczFc4r74zbuT9XgewFo2E3J1cOaGtdZynILNmQ685YWGzGE1Zv6io50w==

"@opentelemetry/api@1.9.0":
  version "1.9.0"
  resolved "https://registry.yarnpkg.com/@opentelemetry/api/-/api-1.9.0.tgz#d03eba68273dc0f7509e2a3d5cba21eae10379fe"
  integrity sha512-3giAOQvZiH5F9bMlMiv8+GSPMeqg0dbaeo58/0SlA9sxSqZhnUtxzX9/2FzyhS9sWQf5S0GJE0AKBrFqjpeYcg==

"@scure/base@~1.1.7", "@scure/base@~1.1.8":
  version "1.1.9"
  resolved "https://registry.yarnpkg.com/@scure/base/-/base-1.1.9.tgz#e5e142fbbfe251091f9c5f1dd4c834ac04c3dbd1"
  integrity sha512-8YKhl8GHiNI/pU2VMaofa2Tor7PJRAjwQLBBuilkJ9L5+13yVbC7JO/wS7piioAvPSwR3JKM1IJ/u4xQzbcXKg==

"@scure/base@~1.2.1":
  version "1.2.1"
  resolved "https://registry.yarnpkg.com/@scure/base/-/base-1.2.1.tgz#dd0b2a533063ca612c17aa9ad26424a2ff5aa865"
  integrity sha512-DGmGtC8Tt63J5GfHgfl5CuAXh96VF/LD8K9Hr/Gv0J2lAoRGlPOMpqMpMbCTOoOJMZCk2Xt+DskdDyn6dEFdzQ==

"@scure/bip32@1.5.0":
  version "1.5.0"
  resolved "https://registry.yarnpkg.com/@scure/bip32/-/bip32-1.5.0.tgz#dd4a2e1b8a9da60e012e776d954c4186db6328e6"
  integrity sha512-8EnFYkqEQdnkuGBVpCzKxyIwDCBLDVj3oiX0EKUFre/tOjL/Hqba1D6n/8RcmaQy4f95qQFrO2A8Sr6ybh4NRw==
  dependencies:
    "@noble/curves" "~1.6.0"
    "@noble/hashes" "~1.5.0"
    "@scure/base" "~1.1.7"

"@scure/bip32@^1.5.0":
  version "1.6.0"
  resolved "https://registry.yarnpkg.com/@scure/bip32/-/bip32-1.6.0.tgz#6dbc6b4af7c9101b351f41231a879d8da47e0891"
  integrity sha512-82q1QfklrUUdXJzjuRU7iG7D7XiFx5PHYVS0+oeNKhyDLT7WPqs6pBcM2W5ZdwOwKCwoE1Vy1se+DHjcXwCYnA==
  dependencies:
    "@noble/curves" "~1.7.0"
    "@noble/hashes" "~1.6.0"
    "@scure/base" "~1.2.1"

"@scure/bip39@1.4.0":
  version "1.4.0"
  resolved "https://registry.yarnpkg.com/@scure/bip39/-/bip39-1.4.0.tgz#664d4f851564e2e1d4bffa0339f9546ea55960a6"
  integrity sha512-BEEm6p8IueV/ZTfQLp/0vhw4NPnT9oWf5+28nvmeUICjP99f4vr2d+qc7AVGDDtwRep6ifR43Yed9ERVmiITzw==
  dependencies:
    "@noble/hashes" "~1.5.0"
    "@scure/base" "~1.1.8"

"@scure/bip39@^1.4.0":
  version "1.5.0"
  resolved "https://registry.yarnpkg.com/@scure/bip39/-/bip39-1.5.0.tgz#c8f9533dbd787641b047984356531d84485f19be"
  integrity sha512-Dop+ASYhnrwm9+HA/HwXg7j2ZqM6yk2fyLWb5znexjctFY3+E+eU8cIWI0Pql0Qx4hPZCijlGq4OL71g+Uz30A==
  dependencies:
    "@noble/hashes" "~1.6.0"
    "@scure/base" "~1.2.1"

"@types/diff-match-patch@^1.0.36":
  version "1.0.36"
  resolved "https://registry.yarnpkg.com/@types/diff-match-patch/-/diff-match-patch-1.0.36.tgz#dcef10a69d357fe9d43ac4ff2eca6b85dbf466af"
  integrity sha512-xFdR6tkm0MWvBfO8xXCSsinYxHcqkQUlcHeSpMC2ukzOb6lwQAfDmW+Qt0AvlGd8HpsS28qKsB+oPeJn9I39jg==

abitype@1.0.6:
  version "1.0.6"
  resolved "https://registry.yarnpkg.com/abitype/-/abitype-1.0.6.tgz#76410903e1d88e34f1362746e2d407513c38565b"
  integrity sha512-MMSqYh4+C/aVqI2RQaWqbvI4Kxo5cQV40WQ4QFtDnNzCkqChm8MuENhElmynZlO0qUy/ObkEUaXtKqYnx1Kp3A==

abitype@^1.0.6:
  version "1.0.8"
  resolved "https://registry.yarnpkg.com/abitype/-/abitype-1.0.8.tgz#3554f28b2e9d6e9f35eb59878193eabd1b9f46ba"
  integrity sha512-ZeiI6h3GnW06uYDLx0etQtX/p8E24UaHHBj57RSjK7YBFe7iuVn07EDpOeP451D06sF27VOz9JJPlIKJmXgkEg==

ai@4.0.3:
  version "4.0.3"
  resolved "https://registry.yarnpkg.com/ai/-/ai-4.0.3.tgz#0f066137743411b1b37d518ce993532cb0cd2183"
  integrity sha512-nx5cNMldOQ72hwxL60NLtRnsmQd5Bo887Wznvxt8F5xnmjdeXRpz4ixp+0xGA88X7wiCn6c+xrhGEb9fesi/Tw==
  dependencies:
    "@ai-sdk/provider" "1.0.1"
    "@ai-sdk/provider-utils" "2.0.2"
    "@ai-sdk/react" "1.0.2"
    "@ai-sdk/ui-utils" "1.0.2"
    "@opentelemetry/api" "1.9.0"
    jsondiffpatch "0.6.0"
    zod-to-json-schema "^3.23.5"

"ai@catalog:":
  version "4.0.22"
  resolved "https://registry.yarnpkg.com/ai/-/ai-4.0.22.tgz#1b6ddd0e18fde305ff43bea0f78c3b2afd660e33"
  integrity sha512-yvcjWtofI2HZwgT3jMkoNnDUhAY+S9cOvZ6xbbOzrS0ZeFl1/gcbasFnwAqUJ7uL/t72/3a0Vy/pKg6N19A2Mw==
  dependencies:
    "@ai-sdk/provider" "1.0.3"
    "@ai-sdk/provider-utils" "2.0.5"
    "@ai-sdk/react" "1.0.7"
    "@ai-sdk/ui-utils" "1.0.6"
    "@opentelemetry/api" "1.9.0"
    jsondiffpatch "0.6.0"
    zod-to-json-schema "^3.23.5"

chalk@^5.3.0:
  version "5.4.1"
  resolved "https://registry.yarnpkg.com/chalk/-/chalk-5.4.1.tgz#1b48bf0963ec158dce2aacf69c093ae2dd2092d8"
  integrity sha512-zgVZuo2WcZgfUEmsn6eO3kINexW8RAE4maiQ8QNs8CtpPCSyMiYsULR3HQYkm3w8FIA3SberyMJMSldGsW+U3w==

dequal@^2.0.3:
  version "2.0.3"
  resolved "https://registry.yarnpkg.com/dequal/-/dequal-2.0.3.tgz#2644214f1997d39ed0ee0ece72335490a7ac67be"
  integrity sha512-0je+qPKHEMohvfRTCEo3CrPG6cAzAYgmzKyxRiYSSDkS6eGJdyVJm7WaYA5ECaAD9wLB2T4EEeymA5aFVcYXCA==

diff-match-patch@^1.0.5:
  version "1.0.5"
  resolved "https://registry.yarnpkg.com/diff-match-patch/-/diff-match-patch-1.0.5.tgz#abb584d5f10cd1196dfc55aa03701592ae3f7b37"
  integrity sha512-IayShXAgj/QMXgB0IWmKx+rOPuGMhqm5w6jvFxmVenXKIzRqTAAsbBPT3kWQeGANj3jGgvcvv4yK6SxqYmikgw==

dotenv@^16.4.5:
  version "16.4.7"
  resolved "https://registry.yarnpkg.com/dotenv/-/dotenv-16.4.7.tgz#0e20c5b82950140aa99be360a8a5f52335f53c26"
  integrity sha512-47qPchRCykZC03FhkYAhrvwU4xDBFIj1QPqaarj6mdM/hgUzfPHcpkHJOn3mJAufFeeAxAzeGsr5X0M4k6fLZQ==

eventemitter3@5.0.1:
  version "5.0.1"
  resolved "https://registry.yarnpkg.com/eventemitter3/-/eventemitter3-5.0.1.tgz#53f5ffd0a492ac800721bb42c66b841de96423c4"
  integrity sha512-GWkBvjiSZK87ELrYOSESUYeVIc9mvLLf/nXalMOS5dYrgZq9o5OVkbZAVM06CVxYsCwH9BDZFPlQTlPA1j4ahA==

eventsource-parser@^3.0.0:
  version "3.0.0"
  resolved "https://registry.yarnpkg.com/eventsource-parser/-/eventsource-parser-3.0.0.tgz#9303e303ef807d279ee210a17ce80f16300d9f57"
  integrity sha512-T1C0XCUimhxVQzW4zFipdx0SficT651NnkR0ZSH3yQwh+mFMdLfgjABVi4YtMTtaL4s168593DaoaRLMqryavA==

isows@1.0.6:
  version "1.0.6"
  resolved "https://registry.yarnpkg.com/isows/-/isows-1.0.6.tgz#0da29d706fa51551c663c627ace42769850f86e7"
  integrity sha512-lPHCayd40oW98/I0uvgaHKWCSvkzY27LjWLbtzOm64yQ+G3Q5npjjbdppU65iZXkK1Zt+kH9pfegli0AYfwYYw==

json-schema@^0.4.0:
  version "0.4.0"
  resolved "https://registry.yarnpkg.com/json-schema/-/json-schema-0.4.0.tgz#f7de4cf6efab838ebaeb3236474cbba5a1930ab5"
  integrity sha512-es94M3nTIfsEPisRafak+HDLfHXnKBhV3vU5eqPcS3flIWqcxJWgXHXiey3YrpaNsanY5ei1VoYEbOzijuq9BA==

jsondiffpatch@0.6.0:
  version "0.6.0"
  resolved "https://registry.yarnpkg.com/jsondiffpatch/-/jsondiffpatch-0.6.0.tgz#daa6a25bedf0830974c81545568d5f671c82551f"
  integrity sha512-3QItJOXp2AP1uv7waBkao5nCvhEv+QmJAd38Ybq7wNI74Q+BBmnLn4EDKz6yI9xGAIQoUF87qHt+kc1IVxB4zQ==
  dependencies:
    "@types/diff-match-patch" "^1.0.36"
    chalk "^5.3.0"
    diff-match-patch "^1.0.5"

nanoid@^3.3.7, nanoid@^3.3.8:
  version "3.3.8"
  resolved "https://registry.yarnpkg.com/nanoid/-/nanoid-3.3.8.tgz#b1be3030bee36aaff18bacb375e5cce521684baf"
  integrity sha512-WNLf5Sd8oZxOm+TzppcYk8gVOgP+l58xNy58D0nbUnOxOWRWvlcCV4kUF7ltmI6PsrLl/BgKEyS4mqsGChFN0w==

ox@0.1.2:
  version "0.1.2"
  resolved "https://registry.yarnpkg.com/ox/-/ox-0.1.2.tgz#0f791be2ccabeaf4928e6d423498fe1c8094e560"
  integrity sha512-ak/8K0Rtphg9vnRJlbOdaX9R7cmxD2MiSthjWGaQdMk3D7hrAlDoM+6Lxn7hN52Za3vrXfZ7enfke/5WjolDww==
  dependencies:
    "@adraffy/ens-normalize" "^1.10.1"
    "@noble/curves" "^1.6.0"
    "@noble/hashes" "^1.5.0"
    "@scure/bip32" "^1.5.0"
    "@scure/bip39" "^1.4.0"
    abitype "^1.0.6"
    eventemitter3 "5.0.1"

reflect-metadata@0.2.2:
  version "0.2.2"
  resolved "https://registry.yarnpkg.com/reflect-metadata/-/reflect-metadata-0.2.2.tgz#400c845b6cba87a21f2c65c4aeb158f4fa4d9c5b"
  integrity sha512-urBwgfrvVP/eAyXx4hluJivBKzuEbSQs9rKWCrCkbSxNv8mxPcUZKeuoF3Uy4mJl3Lwprp6yy5/39VWigZ4K6Q==

secure-json-parse@^2.7.0:
  version "2.7.0"
  resolved "https://registry.yarnpkg.com/secure-json-parse/-/secure-json-parse-2.7.0.tgz#5a5f9cd6ae47df23dba3151edd06855d47e09862"
  integrity sha512-6aU+Rwsezw7VR8/nyvKTx8QpWH9FrcYiXXlqC4z5d5XQBDRqtbfsRjnwGyqbi3gddNtWHuEk9OANUotL26qKUw==

swr@^2.2.5:
  version "2.3.0"
  resolved "https://registry.yarnpkg.com/swr/-/swr-2.3.0.tgz#66fa45023efd4199f4e7ce608c255709a135943d"
  integrity sha512-NyZ76wA4yElZWBHzSgEJc28a0u6QZvhb6w0azeL2k7+Q1gAzVK+IqQYXhVOC/mzi+HZIozrZvBVeSeOZNR2bqA==
  dependencies:
    dequal "^2.0.3"
    use-sync-external-store "^1.4.0"

throttleit@2.1.0:
  version "2.1.0"
  resolved "https://registry.yarnpkg.com/throttleit/-/throttleit-2.1.0.tgz#a7e4aa0bf4845a5bd10daa39ea0c783f631a07b4"
  integrity sha512-nt6AMGKW1p/70DF/hGBdJB57B8Tspmbp5gfJ8ilhLnt7kkr2ye7hzD6NVG8GGErk2HWF34igrL2CXmNIkzKqKw==

use-sync-external-store@^1.4.0:
  version "1.4.0"
  resolved "https://registry.yarnpkg.com/use-sync-external-store/-/use-sync-external-store-1.4.0.tgz#adbc795d8eeb47029963016cefdf89dc799fcebc"
  integrity sha512-9WXSPC5fMv61vaupRkCKCxsPxBocVnwakBEkMIHHpkTTg6icbJtg6jzgtLDm4bl3cSHAca52rYWih0k4K3PfHw==

viem@2.21.49:
  version "2.21.49"
  resolved "https://registry.yarnpkg.com/viem/-/viem-2.21.49.tgz#528d5e54747ba3125041cd753459a4ce673aaaa6"
  integrity sha512-NNItYfTv4+yGE5DDKc+S/g2S7KeJn047GwgEYG60FAJlK0FzwuP6lQKSeQ8k7Y4VasfuKPqiT+XiilcCtTRiDQ==
  dependencies:
    "@noble/curves" "1.6.0"
    "@noble/hashes" "1.5.0"
    "@scure/bip32" "1.5.0"
    "@scure/bip39" "1.4.0"
    abitype "1.0.6"
    isows "1.0.6"
    ox "0.1.2"
    webauthn-p256 "0.0.10"
    ws "8.18.0"

webauthn-p256@0.0.10:
  version "0.0.10"
  resolved "https://registry.yarnpkg.com/webauthn-p256/-/webauthn-p256-0.0.10.tgz#877e75abe8348d3e14485932968edf3325fd2fdd"
  integrity sha512-EeYD+gmIT80YkSIDb2iWq0lq2zbHo1CxHlQTeJ+KkCILWpVy3zASH3ByD4bopzfk0uCwXxLqKGLqp2W4O28VFA==
  dependencies:
    "@noble/curves" "^1.4.0"
    "@noble/hashes" "^1.4.0"

ws@8.18.0:
  version "8.18.0"
  resolved "https://registry.yarnpkg.com/ws/-/ws-8.18.0.tgz#0d7505a6eafe2b0e712d232b42279f53bc289bbc"
  integrity sha512-8VbfWfHLbbwu3+N6OKsOMpBdT4kXPDDB9cJk2bJ6mh9ucxdlnNvH1e+roYkKmN9Nxw2yjz7VzeO9oOz2zJ04Pw==

zod-to-json-schema@^3.23.5:
  version "3.24.1"
  resolved "https://registry.yarnpkg.com/zod-to-json-schema/-/zod-to-json-schema-3.24.1.tgz#f08c6725091aadabffa820ba8d50c7ab527f227a"
  integrity sha512-3h08nf3Vw3Wl3PK+q3ow/lIil81IT2Oa7YpQyUUDsEWbXveMesdfK1xBd2RhCkynwZndAxixji/7SYJJowr62w==

zod@3.23.8:
  version "3.23.8"
  resolved "https://registry.yarnpkg.com/zod/-/zod-3.23.8.tgz#e37b957b5d52079769fb8097099b592f0ef4067d"
  integrity sha512-XBx9AXhXktjUqnepgTiE5flcKIYWi/rme0Eaj+5Y0lftuGBq+jyRu/md4WnuxqgP1ubdpNCsYEYPxrzVHD8d6g==
